// !$*UTF8*$!
{
	archiveVersion = 1;
	classes = {
	};
	objectVersion = 46;
	objects = {

/* Begin PBXBuildFile section */
		34F28BC619F79BCB005F7015 /* AppDelegate.swift in Sources */ = {isa = PBXBuildFile; fileRef = 34F28BC519F79BCB005F7015 /* AppDelegate.swift */; };
		34F28BC919F79BCB005F7015 /* project.xcdatamodeld in Sources */ = {isa = PBXBuildFile; fileRef = 34F28BC719F79BCB005F7015 /* project.xcdatamodeld */; };
		34F28BCB19F79BCB005F7015 /* MasterViewController.swift in Sources */ = {isa = PBXBuildFile; fileRef = 34F28BCA19F79BCB005F7015 /* MasterViewController.swift */; };
		34F28BCD19F79BCB005F7015 /* DetailViewController.swift in Sources */ = {isa = PBXBuildFile; fileRef = 34F28BCC19F79BCB005F7015 /* DetailViewController.swift */; };
		34F28BD019F79BCB005F7015 /* Main.storyboard in Resources */ = {isa = PBXBuildFile; fileRef = 34F28BCE19F79BCB005F7015 /* Main.storyboard */; };
		34F28BD219F79BCB005F7015 /* Images.xcassets in Resources */ = {isa = PBXBuildFile; fileRef = 34F28BD119F79BCB005F7015 /* Images.xcassets */; };
		34F28BD519F79BCB005F7015 /* LaunchScreen.xib in Resources */ = {isa = PBXBuildFile; fileRef = 34F28BD319F79BCB005F7015 /* LaunchScreen.xib */; };
		34F28BE119F79BCB005F7015 /* projectTests.swift in Sources */ = {isa = PBXBuildFile; fileRef = 34F28BE019F79BCB005F7015 /* projectTests.swift */; };
/* End PBXBuildFile section */

/* Begin PBXContainerItemProxy section */
		34F28BDB19F79BCB005F7015 /* PBXContainerItemProxy */ = {
			isa = PBXContainerItemProxy;
			containerPortal = 34F28BB819F79BCB005F7015 /* Project object */;
			proxyType = 1;
			remoteGlobalIDString = 34F28BBF19F79BCB005F7015;
			remoteInfo = project;
		};
/* End PBXContainerItemProxy section */

/* Begin PBXFileReference section */
		34F28BC019F79BCB005F7015 /* project.app */ = {isa = PBXFileReference; explicitFileType = wrapper.application; includeInIndex = 0; path = project.app; sourceTree = BUILT_PRODUCTS_DIR; };
		34F28BC419F79BCB005F7015 /* Info.plist */ = {isa = PBXFileReference; lastKnownFileType = text.plist.xml; path = Info.plist; sourceTree = "<group>"; };
		34F28BC519F79BCB005F7015 /* AppDelegate.swift */ = {isa = PBXFileReference; lastKnownFileType = sourcecode.swift; path = AppDelegate.swift; sourceTree = "<group>"; };
		34F28BC819F79BCB005F7015 /* project.xcdatamodel */ = {isa = PBXFileReference; lastKnownFileType = wrapper.xcdatamodel; path = project.xcdatamodel; sourceTree = "<group>"; };
		34F28BCA19F79BCB005F7015 /* MasterViewController.swift */ = {isa = PBXFileReference; lastKnownFileType = sourcecode.swift; path = MasterViewController.swift; sourceTree = "<group>"; };
		34F28BCC19F79BCB005F7015 /* DetailViewController.swift */ = {isa = PBXFileReference; lastKnownFileType = sourcecode.swift; path = DetailViewController.swift; sourceTree = "<group>"; };
		34F28BCF19F79BCB005F7015 /* Base */ = {isa = PBXFileReference; lastKnownFileType = file.storyboard; name = Base; path = Base.lproj/Main.storyboard; sourceTree = "<group>"; };
		34F28BD119F79BCB005F7015 /* Images.xcassets */ = {isa = PBXFileReference; lastKnownFileType = folder.assetcatalog; path = Images.xcassets; sourceTree = "<group>"; };
		34F28BD419F79BCB005F7015 /* Base */ = {isa = PBXFileReference; lastKnownFileType = file.xib; name = Base; path = Base.lproj/LaunchScreen.xib; sourceTree = "<group>"; };
		34F28BDA19F79BCB005F7015 /* projectTests.xctest */ = {isa = PBXFileReference; explicitFileType = wrapper.cfbundle; includeInIndex = 0; path = projectTests.xctest; sourceTree = BUILT_PRODUCTS_DIR; };
		34F28BDF19F79BCB005F7015 /* Info.plist */ = {isa = PBXFileReference; lastKnownFileType = text.plist.xml; path = Info.plist; sourceTree = "<group>"; };
		34F28BE019F79BCB005F7015 /* projectTests.swift */ = {isa = PBXFileReference; lastKnownFileType = sourcecode.swift; path = projectTests.swift; sourceTree = "<group>"; };
/* End PBXFileReference section */

/* Begin PBXFrameworksBuildPhase section */
		34F28BBD19F79BCB005F7015 /* Frameworks */ = {
			isa = PBXFrameworksBuildPhase;
			buildActionMask = 2147483647;
			files = (
			);
			runOnlyForDeploymentPostprocessing = 0;
		};
		34F28BD719F79BCB005F7015 /* Frameworks */ = {
			isa = PBXFrameworksBuildPhase;
			buildActionMask = 2147483647;
			files = (
			);
			runOnlyForDeploymentPostprocessing = 0;
		};
/* End PBXFrameworksBuildPhase section */

/* Begin PBXGroup section */
		34F28BB719F79BCB005F7015 = {
			isa = PBXGroup;
			children = (
				34F28BC219F79BCB005F7015 /* project */,
				34F28BDD19F79BCB005F7015 /* projectTests */,
				34F28BC119F79BCB005F7015 /* Products */,
			);
			sourceTree = "<group>";
		};
		34F28BC119F79BCB005F7015 /* Products */ = {
			isa = PBXGroup;
			children = (
				34F28BC019F79BCB005F7015 /* project.app */,
				34F28BDA19F79BCB005F7015 /* projectTests.xctest */,
			);
			name = Products;
			sourceTree = "<group>";
		};
		34F28BC219F79BCB005F7015 /* project */ = {
			isa = PBXGroup;
			children = (
				34F28BC519F79BCB005F7015 /* AppDelegate.swift */,
				34F28BCA19F79BCB005F7015 /* MasterViewController.swift */,
				34F28BCC19F79BCB005F7015 /* DetailViewController.swift */,
				34F28BCE19F79BCB005F7015 /* Main.storyboard */,
				34F28BD119F79BCB005F7015 /* Images.xcassets */,
				34F28BD319F79BCB005F7015 /* LaunchScreen.xib */,
				34F28BC719F79BCB005F7015 /* project.xcdatamodeld */,
				34F28BC319F79BCB005F7015 /* Supporting Files */,
			);
			path = project;
			sourceTree = "<group>";
		};
		34F28BC319F79BCB005F7015 /* Supporting Files */ = {
			isa = PBXGroup;
			children = (
				34F28BC419F79BCB005F7015 /* Info.plist */,
			);
			name = "Supporting Files";
			sourceTree = "<group>";
		};
		34F28BDD19F79BCB005F7015 /* projectTests */ = {
			isa = PBXGroup;
			children = (
				34F28BE019F79BCB005F7015 /* projectTests.swift */,
				34F28BDE19F79BCB005F7015 /* Supporting Files */,
			);
			path = projectTests;
			sourceTree = "<group>";
		};
		34F28BDE19F79BCB005F7015 /* Supporting Files */ = {
			isa = PBXGroup;
			children = (
				34F28BDF19F79BCB005F7015 /* Info.plist */,
			);
			name = "Supporting Files";
			sourceTree = "<group>";
		};
/* End PBXGroup section */

/* Begin PBXNativeTarget section */
		34F28BBF19F79BCB005F7015 /* project */ = {
			isa = PBXNativeTarget;
			buildConfigurationList = 34F28BE419F79BCB005F7015 /* Build configuration list for PBXNativeTarget "project" */;
			buildPhases = (
				34F28BBC19F79BCB005F7015 /* Sources */,
				34F28BBD19F79BCB005F7015 /* Frameworks */,
				34F28BBE19F79BCB005F7015 /* Resources */,
			);
			buildRules = (
			);
			dependencies = (
			);
			name = project;
			productName = project;
			productReference = 34F28BC019F79BCB005F7015 /* project.app */;
			productType = "com.apple.product-type.application";
		};
		34F28BD919F79BCB005F7015 /* projectTests */ = {
			isa = PBXNativeTarget;
			buildConfigurationList = 34F28BE719F79BCB005F7015 /* Build configuration list for PBXNativeTarget "projectTests" */;
			buildPhases = (
				34F28BD619F79BCB005F7015 /* Sources */,
				34F28BD719F79BCB005F7015 /* Frameworks */,
				34F28BD819F79BCB005F7015 /* Resources */,
			);
			buildRules = (
			);
			dependencies = (
				34F28BDC19F79BCB005F7015 /* PBXTargetDependency */,
			);
			name = projectTests;
			productName = projectTests;
			productReference = 34F28BDA19F79BCB005F7015 /* projectTests.xctest */;
			productType = "com.apple.product-type.bundle.unit-test";
		};
/* End PBXNativeTarget section */

/* Begin PBXProject section */
		34F28BB819F79BCB005F7015 /* Project object */ = {
			isa = PBXProject;
			attributes = {
				LastUpgradeCheck = 0600;
				ORGANIZATIONNAME = TADA;
				TargetAttributes = {
					34F28BBF19F79BCB005F7015 = {
						CreatedOnToolsVersion = 6.0.1;
					};
					34F28BD919F79BCB005F7015 = {
						CreatedOnToolsVersion = 6.0.1;
						TestTargetID = 34F28BBF19F79BCB005F7015;
					};
				};
			};
			buildConfigurationList = 34F28BBB19F79BCB005F7015 /* Build configuration list for PBXProject "project" */;
			compatibilityVersion = "Xcode 3.2";
			developmentRegion = English;
			hasScannedForEncodings = 0;
			knownRegions = (
				en,
				Base,
			);
			mainGroup = 34F28BB719F79BCB005F7015;
			productRefGroup = 34F28BC119F79BCB005F7015 /* Products */;
			projectDirPath = "";
			projectRoot = "";
			targets = (
				34F28BBF19F79BCB005F7015 /* project */,
				34F28BD919F79BCB005F7015 /* projectTests */,
			);
		};
/* End PBXProject section */

/* Begin PBXResourcesBuildPhase section */
		34F28BBE19F79BCB005F7015 /* Resources */ = {
			isa = PBXResourcesBuildPhase;
			buildActionMask = 2147483647;
			files = (
				34F28BD019F79BCB005F7015 /* Main.storyboard in Resources */,
				34F28BD519F79BCB005F7015 /* LaunchScreen.xib in Resources */,
				34F28BD219F79BCB005F7015 /* Images.xcassets in Resources */,
			);
			runOnlyForDeploymentPostprocessing = 0;
		};
		34F28BD819F79BCB005F7015 /* Resources */ = {
			isa = PBXResourcesBuildPhase;
			buildActionMask = 2147483647;
			files = (
			);
			runOnlyForDeploymentPostprocessing = 0;
		};
/* End PBXResourcesBuildPhase section */

/* Begin PBXSourcesBuildPhase section */
		34F28BBC19F79BCB005F7015 /* Sources */ = {
			isa = PBXSourcesBuildPhase;
			buildActionMask = 2147483647;
			files = (
				34F28BC619F79BCB005F7015 /* AppDelegate.swift in Sources */,
				34F28BC919F79BCB005F7015 /* project.xcdatamodeld in Sources */,
				34F28BCB19F79BCB005F7015 /* MasterViewController.swift in Sources */,
				34F28BCD19F79BCB005F7015 /* DetailViewController.swift in Sources */,
			);
			runOnlyForDeploymentPostprocessing = 0;
		};
		34F28BD619F79BCB005F7015 /* Sources */ = {
			isa = PBXSourcesBuildPhase;
			buildActionMask = 2147483647;
			files = (
				34F28BE119F79BCB005F7015 /* projectTests.swift in Sources */,
			);
			runOnlyForDeploymentPostprocessing = 0;
		};
/* End PBXSourcesBuildPhase section */

/* Begin PBXTargetDependency section */
		34F28BDC19F79BCB005F7015 /* PBXTargetDependency */ = {
			isa = PBXTargetDependency;
			target = 34F28BBF19F79BCB005F7015 /* project */;
			targetProxy = 34F28BDB19F79BCB005F7015 /* PBXContainerItemProxy */;
		};
/* End PBXTargetDependency section */

/* Begin PBXVariantGroup section */
		34F28BCE19F79BCB005F7015 /* Main.storyboard */ = {
			isa = PBXVariantGroup;
			children = (
				34F28BCF19F79BCB005F7015 /* Base */,
			);
			name = Main.storyboard;
			sourceTree = "<group>";
		};
		34F28BD319F79BCB005F7015 /* LaunchScreen.xib */ = {
			isa = PBXVariantGroup;
			children = (
				34F28BD419F79BCB005F7015 /* Base */,
			);
			name = LaunchScreen.xib;
			sourceTree = "<group>";
		};
/* End PBXVariantGroup section */

/* Begin XCBuildConfiguration section */
		34F28BE219F79BCB005F7015 /* Debug */ = {
			isa = XCBuildConfiguration;
			buildSettings = {
				ALWAYS_SEARCH_USER_PATHS = NO;
				CLANG_CXX_LANGUAGE_STANDARD = "gnu++0x";
				CLANG_CXX_LIBRARY = "libc++";
				CLANG_ENABLE_MODULES = YES;
				CLANG_ENABLE_OBJC_ARC = YES;
				CLANG_WARN_BOOL_CONVERSION = YES;
				CLANG_WARN_CONSTANT_CONVERSION = YES;
				CLANG_WARN_DIRECT_OBJC_ISA_USAGE = YES_ERROR;
				CLANG_WARN_EMPTY_BODY = YES;
				CLANG_WARN_ENUM_CONVERSION = YES;
				CLANG_WARN_INT_CONVERSION = YES;
				CLANG_WARN_OBJC_ROOT_CLASS = YES_ERROR;
				CLANG_WARN_UNREACHABLE_CODE = YES;
				CLANG_WARN__DUPLICATE_METHOD_MATCH = YES;
				"CODE_SIGN_IDENTITY[sdk=iphoneos*]" = "iPhone Developer";
				COPY_PHASE_STRIP = NO;
				ENABLE_STRICT_OBJC_MSGSEND = YES;
				GCC_C_LANGUAGE_STANDARD = gnu99;
				GCC_DYNAMIC_NO_PIC = NO;
				GCC_OPTIMIZATION_LEVEL = 0;
				GCC_PREPROCESSOR_DEFINITIONS = (
					"DEBUG=1",
					"$(inherited)",
				);
				GCC_SYMBOLS_PRIVATE_EXTERN = NO;
				GCC_WARN_64_TO_32_BIT_CONVERSION = YES;
				GCC_WARN_ABOUT_RETURN_TYPE = YES_ERROR;
				GCC_WARN_UNDECLARED_SELECTOR = YES;
				GCC_WARN_UNINITIALIZED_AUTOS = YES_AGGRESSIVE;
				GCC_WARN_UNUSED_FUNCTION = YES;
				GCC_WARN_UNUSED_VARIABLE = YES;
				IPHONEOS_DEPLOYMENT_TARGET = 8.0;
				MTL_ENABLE_DEBUG_INFO = YES;
				ONLY_ACTIVE_ARCH = YES;
				SDKROOT = iphoneos;
				SWIFT_OPTIMIZATION_LEVEL = "-Onone";
				TARGETED_DEVICE_FAMILY = "1,2";
			};
			name = Debug;
		};
		34F28BE319F79BCB005F7015 /* Release */ = {
			isa = XCBuildConfiguration;
			buildSettings = {
				ALWAYS_SEARCH_USER_PATHS = NO;
				CLANG_CXX_LANGUAGE_STANDARD = "gnu++0x";
				CLANG_CXX_LIBRARY = "libc++";
				CLANG_ENABLE_MODULES = YES;
				CLANG_ENABLE_OBJC_ARC = YES;
				CLANG_WARN_BOOL_CONVERSION = YES;
				CLANG_WARN_CONSTANT_CONVERSION = YES;
				CLANG_WARN_DIRECT_OBJC_ISA_USAGE = YES_ERROR;
				CLANG_WARN_EMPTY_BODY = YES;
				CLANG_WARN_ENUM_CONVERSION = YES;
				CLANG_WARN_INT_CONVERSION = YES;
				CLANG_WARN_OBJC_ROOT_CLASS = YES_ERROR;
				CLANG_WARN_UNREACHABLE_CODE = YES;
				CLANG_WARN__DUPLICATE_METHOD_MATCH = YES;
				"CODE_SIGN_IDENTITY[sdk=iphoneos*]" = "iPhone Developer";
				COPY_PHASE_STRIP = YES;
				ENABLE_NS_ASSERTIONS = NO;
				ENABLE_STRICT_OBJC_MSGSEND = YES;
				GCC_C_LANGUAGE_STANDARD = gnu99;
				GCC_WARN_64_TO_32_BIT_CONVERSION = YES;
				GCC_WARN_ABOUT_RETURN_TYPE = YES_ERROR;
				GCC_WARN_UNDECLARED_SELECTOR = YES;
				GCC_WARN_UNINITIALIZED_AUTOS = YES_AGGRESSIVE;
				GCC_WARN_UNUSED_FUNCTION = YES;
				GCC_WARN_UNUSED_VARIABLE = YES;
				IPHONEOS_DEPLOYMENT_TARGET = 8.0;
				MTL_ENABLE_DEBUG_INFO = NO;
				SDKROOT = iphoneos;
				TARGETED_DEVICE_FAMILY = "1,2";
				VALIDATE_PRODUCT = YES;
			};
			name = Release;
		};
		34F28BE519F79BCB005F7015 /* Debug */ = {
			isa = XCBuildConfiguration;
			buildSettings = {
				ASSETCATALOG_COMPILER_APPICON_NAME = AppIcon;
				INFOPLIST_FILE = project/Info.plist;
				LD_RUNPATH_SEARCH_PATHS = "$(inherited) @executable_path/Frameworks";
				PRODUCT_NAME = "$(TARGET_NAME)";
			};
			name = Debug;
		};
		34F28BE619F79BCB005F7015 /* Release */ = {
			isa = XCBuildConfiguration;
			buildSettings = {
				ASSETCATALOG_COMPILER_APPICON_NAME = AppIcon;
				INFOPLIST_FILE = project/Info.plist;
				LD_RUNPATH_SEARCH_PATHS = "$(inherited) @executable_path/Frameworks";
				PRODUCT_NAME = "$(TARGET_NAME)";
			};
			name = Release;
		};
		34F28BE819F79BCB005F7015 /* Debug */ = {
			isa = XCBuildConfiguration;
			buildSettings = {
				BUNDLE_LOADER = "$(TEST_HOST)";
				FRAMEWORK_SEARCH_PATHS = (
					"$(SDKROOT)/Developer/Library/Frameworks",
					"$(inherited)",
				);
				GCC_PREPROCESSOR_DEFINITIONS = (
					"DEBUG=1",
					"$(inherited)",
				);
				INFOPLIST_FILE = projectTests/Info.plist;
				LD_RUNPATH_SEARCH_PATHS = "$(inherited) @executable_path/Frameworks @loader_path/Frameworks";
				PRODUCT_NAME = "$(TARGET_NAME)";
				TEST_HOST = "$(BUILT_PRODUCTS_DIR)/project.app/project";
			};
			name = Debug;
		};
		34F28BE919F79BCB005F7015 /* Release */ = {
			isa = XCBuildConfiguration;
			buildSettings = {
				BUNDLE_LOADER = "$(TEST_HOST)";
				FRAMEWORK_SEARCH_PATHS = (
					"$(SDKROOT)/Developer/Library/Frameworks",
					"$(inherited)",
				);
				INFOPLIST_FILE = projectTests/Info.plist;
				LD_RUNPATH_SEARCH_PATHS = "$(inherited) @executable_path/Frameworks @loader_path/Frameworks";
				PRODUCT_NAME = "$(TARGET_NAME)";
				TEST_HOST = "$(BUILT_PRODUCTS_DIR)/project.app/project";
			};
			name = Release;
		};
/* End XCBuildConfiguration section */

/* Begin XCConfigurationList section */
		34F28BBB19F79BCB005F7015 /* Build configuration list for PBXProject "project" */ = {
			isa = XCConfigurationList;
			buildConfigurations = (
				34F28BE219F79BCB005F7015 /* Debug */,
				34F28BE319F79BCB005F7015 /* Release */,
			);
			defaultConfigurationIsVisible = 0;
			defaultConfigurationName = Release;
		};
		34F28BE419F79BCB005F7015 /* Build configuration list for PBXNativeTarget "project" */ = {
			isa = XCConfigurationList;
			buildConfigurations = (
				34F28BE519F79BCB005F7015 /* Debug */,
				34F28BE619F79BCB005F7015 /* Release */,
			);
			defaultConfigurationIsVisible = 0;
		};
		34F28BE719F79BCB005F7015 /* Build configuration list for PBXNativeTarget "projectTests" */ = {
			isa = XCConfigurationList;
			buildConfigurations = (
				34F28BE819F79BCB005F7015 /* Debug */,
				34F28BE919F79BCB005F7015 /* Release */,
			);
			defaultConfigurationIsVisible = 0;
		};
/* End XCConfigurationList section */

/* Begin XCVersionGroup section */
		34F28BC719F79BCB005F7015 /* project.xcdatamodeld */ = {
			isa = XCVersionGroup;
			children = (
				34F28BC819F79BCB005F7015 /* project.xcdatamodel */,
			);
			currentVersion = 34F28BC819F79BCB005F7015 /* project.xcdatamodel */;
			path = project.xcdatamodeld;
			sourceTree = "<group>";
			versionGroupType = wrapper.xcdatamodel;
		};
/* End XCVersionGroup section */
	};
	rootObject = 34F28BB819F79BCB005F7015 /* Project object */;
}
